// !$*UTF8*$!
{
	archiveVersion = 1;
	classes = {
	};
	objectVersion = 56;
	objects = {

/* Begin PBXBuildFile section */
		DB24CA392AA7295D0002E17B /* SidesManagerPanel.swift in Sources */ = {isa = PBXBuildFile; fileRef = DB24CA382AA7295D0002E17B /* SidesManagerPanel.swift */; };
		DB3663162A6827DA00F7894B /* CardView.swift in Sources */ = {isa = PBXBuildFile; fileRef = DB3663152A6827DA00F7894B /* CardView.swift */; };
		DB3663182A68280100F7894B /* Colors.swift in Sources */ = {isa = PBXBuildFile; fileRef = DB3663172A68280100F7894B /* Colors.swift */; };
		DB36631C2A68283B00F7894B /* Extensions_Card.swift in Sources */ = {isa = PBXBuildFile; fileRef = DB36631B2A68283B00F7894B /* Extensions_Card.swift */; };
		DB36631E2A68286500F7894B /* RecipesSearchPanel.swift in Sources */ = {isa = PBXBuildFile; fileRef = DB36631D2A68286500F7894B /* RecipesSearchPanel.swift */; };
		DB3663202A682CEB00F7894B /* RecipesSearchPanelVM.swift in Sources */ = {isa = PBXBuildFile; fileRef = DB36631F2A682CEB00F7894B /* RecipesSearchPanelVM.swift */; };
		DB3663222A6965AC00F7894B /* RecipeInfoSheet.swift in Sources */ = {isa = PBXBuildFile; fileRef = DB3663212A6965AC00F7894B /* RecipeInfoSheet.swift */; };
		DB3663242A6967B600F7894B /* AddRecipeSheet.swift in Sources */ = {isa = PBXBuildFile; fileRef = DB3663232A6967B600F7894B /* AddRecipeSheet.swift */; };
		DB3663272A6AC30500F7894B /* TopSearchBar.swift in Sources */ = {isa = PBXBuildFile; fileRef = DB3663262A6AC30500F7894B /* TopSearchBar.swift */; };
		DB36632B2A6C1E7100F7894B /* EdamamParser.swift in Sources */ = {isa = PBXBuildFile; fileRef = DB36632A2A6C1E7100F7894B /* EdamamParser.swift */; };
		DB36632D2A6D44C700F7894B /* CustomizationPanel.swift in Sources */ = {isa = PBXBuildFile; fileRef = DB36632C2A6D44C700F7894B /* CustomizationPanel.swift */; };
		DB36632F2A6D5C4700F7894B /* MealsDataController+Customization.swift in Sources */ = {isa = PBXBuildFile; fileRef = DB36632E2A6D5C4700F7894B /* MealsDataController+Customization.swift */; };
		DB3663312A6D60BF00F7894B /* VisualUserPrefs.swift in Sources */ = {isa = PBXBuildFile; fileRef = DB3663302A6D60BF00F7894B /* VisualUserPrefs.swift */; };
		DB3663342A6FFED000F7894B /* MealTypeSelection.swift in Sources */ = {isa = PBXBuildFile; fileRef = DB3663332A6FFED000F7894B /* MealTypeSelection.swift */; };
		DB6E0E7C2979825900BCDB96 /* MealsListTests.swift in Sources */ = {isa = PBXBuildFile; fileRef = DB6E0E7B2979825900BCDB96 /* MealsListTests.swift */; };
		DB6E0E7E297982DC00BCDB96 /* PlanningTests.swift in Sources */ = {isa = PBXBuildFile; fileRef = DB6E0E7D297982DC00BCDB96 /* PlanningTests.swift */; };
		DB6E0E80297AE14C00BCDB96 /* ViewsTests.swift in Sources */ = {isa = PBXBuildFile; fileRef = DB6E0E7F297AE14C00BCDB96 /* ViewsTests.swift */; };
		DB6E0E82297F05B300BCDB96 /* Side.swift in Sources */ = {isa = PBXBuildFile; fileRef = DB6E0E81297F05B300BCDB96 /* Side.swift */; };
		DB7708AE2968304F00BF5604 /* IntroSheet.swift in Sources */ = {isa = PBXBuildFile; fileRef = DB7708AD2968304F00BF5604 /* IntroSheet.swift */; };
		DB7708B0296C57D000BF5604 /* Assets.xcassets in Resources */ = {isa = PBXBuildFile; fileRef = DB7708AF296C57D000BF5604 /* Assets.xcassets */; };
		DB772BC62964A98E00A5C1F8 /* ViewSizes.swift in Sources */ = {isa = PBXBuildFile; fileRef = DB772BC52964A98E00A5C1F8 /* ViewSizes.swift */; };
		DB9B879F293F4F9F00F2344B /* MealApp.swift in Sources */ = {isa = PBXBuildFile; fileRef = DB9B879E293F4F9F00F2344B /* MealApp.swift */; };
		DB9B87A6293F4FA300F2344B /* Preview Assets.xcassets in Resources */ = {isa = PBXBuildFile; fileRef = DB9B87A5293F4FA300F2344B /* Preview Assets.xcassets */; };
		DB9B87B0293F4FA300F2344B /* MealTests.swift in Sources */ = {isa = PBXBuildFile; fileRef = DB9B87AF293F4FA300F2344B /* MealTests.swift */; };
		DB9B87BA293F4FA300F2344B /* MealUITests.swift in Sources */ = {isa = PBXBuildFile; fileRef = DB9B87B9293F4FA300F2344B /* MealUITests.swift */; };
		DB9B87BC293F4FA300F2344B /* MealUITestsLaunchTests.swift in Sources */ = {isa = PBXBuildFile; fileRef = DB9B87BB293F4FA300F2344B /* MealUITestsLaunchTests.swift */; };
		DB9B87C9293F4FB900F2344B /* Meal.swift in Sources */ = {isa = PBXBuildFile; fileRef = DB9B87C8293F4FB900F2344B /* Meal.swift */; };
		DB9B87D1293F51C200F2344B /* MealTypeSelectionRow.swift in Sources */ = {isa = PBXBuildFile; fileRef = DB9B87D0293F51C200F2344B /* MealTypeSelectionRow.swift */; };
		DB9B87D5293F79C500F2344B /* MealsListPanelViewModel.swift in Sources */ = {isa = PBXBuildFile; fileRef = DB9B87D4293F79C500F2344B /* MealsListPanelViewModel.swift */; };
		DB9B87D8293F7A0900F2344B /* MealsDataController.swift in Sources */ = {isa = PBXBuildFile; fileRef = DB9B87D7293F7A0900F2344B /* MealsDataController.swift */; };
		DB9B87DA293F81C400F2344B /* NewMealSheet.swift in Sources */ = {isa = PBXBuildFile; fileRef = DB9B87D9293F81C400F2344B /* NewMealSheet.swift */; };
		DB9B87DC29410F2700F2344B /* Extensions.swift in Sources */ = {isa = PBXBuildFile; fileRef = DB9B87DB29410F2700F2344B /* Extensions.swift */; };
		DB9B87E02941EAC400F2344B /* PlanningPannel.swift in Sources */ = {isa = PBXBuildFile; fileRef = DB9B87DF2941EAC400F2344B /* PlanningPannel.swift */; };
		DB9B87E32942143A00F2344B /* WeekPlanOrganiser.swift in Sources */ = {isa = PBXBuildFile; fileRef = DB9B87E22942143A00F2344B /* WeekPlanOrganiser.swift */; };
		DB9B87E52942159A00F2344B /* WeekPlan.swift in Sources */ = {isa = PBXBuildFile; fileRef = DB9B87E42942159A00F2344B /* WeekPlan.swift */; };
		DB9B87E72942176B00F2344B /* PlanningPanelViewModel.swift in Sources */ = {isa = PBXBuildFile; fileRef = DB9B87E62942176B00F2344B /* PlanningPanelViewModel.swift */; };
		DB9B87E92943A4AE00F2344B /* DayPlanSheet.swift in Sources */ = {isa = PBXBuildFile; fileRef = DB9B87E82943A4AE00F2344B /* DayPlanSheet.swift */; };
		DB9B87EC294503BB00F2344B /* MealList.swift in Sources */ = {isa = PBXBuildFile; fileRef = DB9B87EB294503BB00F2344B /* MealList.swift */; };
		DB9B87EE294503F400F2344B /* DayPlan.swift in Sources */ = {isa = PBXBuildFile; fileRef = DB9B87ED294503F400F2344B /* DayPlan.swift */; };
		DB9B87F02945042500F2344B /* MealsListPanel.swift in Sources */ = {isa = PBXBuildFile; fileRef = DB9B87EF2945042500F2344B /* MealsListPanel.swift */; };
		DB9B87F22945044300F2344B /* MealListPanel.swift in Sources */ = {isa = PBXBuildFile; fileRef = DB9B87F12945044300F2344B /* MealListPanel.swift */; };
		DB9D994E294F8EA10051BD63 /* AutoFillSheet.swift in Sources */ = {isa = PBXBuildFile; fileRef = DB9D994D294F8EA10051BD63 /* AutoFillSheet.swift */; };
		DB9D995029506D6B0051BD63 /* ConfigurePanelViewModel.swift in Sources */ = {isa = PBXBuildFile; fileRef = DB9D994F29506D6B0051BD63 /* ConfigurePanelViewModel.swift */; };
		DB9D995329506D960051BD63 /* Schedule.swift in Sources */ = {isa = PBXBuildFile; fileRef = DB9D995229506D960051BD63 /* Schedule.swift */; };
		DB9D995529506F9B0051BD63 /* MealPicker.swift in Sources */ = {isa = PBXBuildFile; fileRef = DB9D995429506F9B0051BD63 /* MealPicker.swift */; };
		DB9D9957295092B40051BD63 /* MealsDataController+Schedule.swift in Sources */ = {isa = PBXBuildFile; fileRef = DB9D9956295092B40051BD63 /* MealsDataController+Schedule.swift */; };
		DB9D9959295092F00051BD63 /* MealsDataController+WeekPlaning.swift in Sources */ = {isa = PBXBuildFile; fileRef = DB9D9958295092F00051BD63 /* MealsDataController+WeekPlaning.swift */; };
		DB9D995B2951C5B30051BD63 /* CalendarController.swift in Sources */ = {isa = PBXBuildFile; fileRef = DB9D995A2951C5B30051BD63 /* CalendarController.swift */; };
		DB9D995D2951C8860051BD63 /* CalendarPanel.swift in Sources */ = {isa = PBXBuildFile; fileRef = DB9D995C2951C8860051BD63 /* CalendarPanel.swift */; };
		DB9D99602951F25A0051BD63 /* Localizable.strings in Resources */ = {isa = PBXBuildFile; fileRef = DB9D99622951F25A0051BD63 /* Localizable.strings */; };
		DB9D9965295387B40051BD63 /* MealsDataController+Calendar.swift in Sources */ = {isa = PBXBuildFile; fileRef = DB9D9964295387B40051BD63 /* MealsDataController+Calendar.swift */; };
		DB9D99672954DEB60051BD63 /* ThanksPanel.swift in Sources */ = {isa = PBXBuildFile; fileRef = DB9D99662954DEB60051BD63 /* ThanksPanel.swift */; };
		DBA39EED294C9DDF00AC97E2 /* ConfigurePanel.swift in Sources */ = {isa = PBXBuildFile; fileRef = DBA39EEC294C9DDF00AC97E2 /* ConfigurePanel.swift */; };
		DBA39EEF294C9F9D00AC97E2 /* MealScheduleSheet.swift in Sources */ = {isa = PBXBuildFile; fileRef = DBA39EEE294C9F9D00AC97E2 /* MealScheduleSheet.swift */; };
		DBA7B1FA29C3264900B04E38 /* NotesSheet.swift in Sources */ = {isa = PBXBuildFile; fileRef = DBA7B1F929C3264900B04E38 /* NotesSheet.swift */; };
		DBA7B1FC29C9D98000B04E38 /* WhatsNew.swift in Sources */ = {isa = PBXBuildFile; fileRef = DBA7B1FB29C9D98000B04E38 /* WhatsNew.swift */; };
		DBB9C5D72A3DB6050087BA99 /* IAPManager.swift in Sources */ = {isa = PBXBuildFile; fileRef = DBB9C5D62A3DB6050087BA99 /* IAPManager.swift */; };
		DBB9C5D92A3DB6480087BA99 /* ConfigurePanelVM+IAP.swift in Sources */ = {isa = PBXBuildFile; fileRef = DBB9C5D82A3DB6480087BA99 /* ConfigurePanelVM+IAP.swift */; };
		DBDB328E29D0588600248B12 /* InfoPlist.strings in Resources */ = {isa = PBXBuildFile; fileRef = DBDB329029D0588600248B12 /* InfoPlist.strings */; };
		DBDB329429D070F900248B12 /* WhatsNewPanel.swift in Sources */ = {isa = PBXBuildFile; fileRef = DBDB329329D070F900248B12 /* WhatsNewPanel.swift */; };
		DBEAFBD92A35C89C0048797C /* CloudKitController.swift in Sources */ = {isa = PBXBuildFile; fileRef = DBEAFBD82A35C89C0048797C /* CloudKitController.swift */; };
		DBEAFBDB2A3786D30048797C /* CollaborationPanel.swift in Sources */ = {isa = PBXBuildFile; fileRef = DBEAFBDA2A3786D30048797C /* CollaborationPanel.swift */; };
/* End PBXBuildFile section */

/* Begin PBXContainerItemProxy section */
		DB9B87AC293F4FA300F2344B /* PBXContainerItemProxy */ = {
			isa = PBXContainerItemProxy;
			containerPortal = DB9B8793293F4F9F00F2344B /* Project object */;
			proxyType = 1;
			remoteGlobalIDString = DB9B879A293F4F9F00F2344B;
			remoteInfo = Meal;
		};
		DB9B87B6293F4FA300F2344B /* PBXContainerItemProxy */ = {
			isa = PBXContainerItemProxy;
			containerPortal = DB9B8793293F4F9F00F2344B /* Project object */;
			proxyType = 1;
			remoteGlobalIDString = DB9B879A293F4F9F00F2344B;
			remoteInfo = Meal;
		};
/* End PBXContainerItemProxy section */

/* Begin PBXFileReference section */
		DB24CA382AA7295D0002E17B /* SidesManagerPanel.swift */ = {isa = PBXFileReference; lastKnownFileType = sourcecode.swift; path = SidesManagerPanel.swift; sourceTree = "<group>"; };
		DB3663152A6827DA00F7894B /* CardView.swift */ = {isa = PBXFileReference; lastKnownFileType = sourcecode.swift; path = CardView.swift; sourceTree = "<group>"; };
		DB3663172A68280100F7894B /* Colors.swift */ = {isa = PBXFileReference; lastKnownFileType = sourcecode.swift; path = Colors.swift; sourceTree = "<group>"; };
		DB36631B2A68283B00F7894B /* Extensions_Card.swift */ = {isa = PBXFileReference; lastKnownFileType = sourcecode.swift; path = Extensions_Card.swift; sourceTree = "<group>"; };
		DB36631D2A68286500F7894B /* RecipesSearchPanel.swift */ = {isa = PBXFileReference; lastKnownFileType = sourcecode.swift; path = RecipesSearchPanel.swift; sourceTree = "<group>"; };
		DB36631F2A682CEB00F7894B /* RecipesSearchPanelVM.swift */ = {isa = PBXFileReference; lastKnownFileType = sourcecode.swift; path = RecipesSearchPanelVM.swift; sourceTree = "<group>"; };
		DB3663212A6965AC00F7894B /* RecipeInfoSheet.swift */ = {isa = PBXFileReference; lastKnownFileType = sourcecode.swift; path = RecipeInfoSheet.swift; sourceTree = "<group>"; };
		DB3663232A6967B600F7894B /* AddRecipeSheet.swift */ = {isa = PBXFileReference; lastKnownFileType = sourcecode.swift; path = AddRecipeSheet.swift; sourceTree = "<group>"; };
		DB3663262A6AC30500F7894B /* TopSearchBar.swift */ = {isa = PBXFileReference; lastKnownFileType = sourcecode.swift; path = TopSearchBar.swift; sourceTree = "<group>"; };
		DB36632A2A6C1E7100F7894B /* EdamamParser.swift */ = {isa = PBXFileReference; lastKnownFileType = sourcecode.swift; path = EdamamParser.swift; sourceTree = "<group>"; };
		DB36632C2A6D44C700F7894B /* CustomizationPanel.swift */ = {isa = PBXFileReference; lastKnownFileType = sourcecode.swift; path = CustomizationPanel.swift; sourceTree = "<group>"; };
		DB36632E2A6D5C4700F7894B /* MealsDataController+Customization.swift */ = {isa = PBXFileReference; lastKnownFileType = sourcecode.swift; path = "MealsDataController+Customization.swift"; sourceTree = "<group>"; };
		DB3663302A6D60BF00F7894B /* VisualUserPrefs.swift */ = {isa = PBXFileReference; lastKnownFileType = sourcecode.swift; path = VisualUserPrefs.swift; sourceTree = "<group>"; };
		DB3663322A6D9FEB00F7894B /* Info.plist */ = {isa = PBXFileReference; lastKnownFileType = text.plist; path = Info.plist; sourceTree = "<group>"; };
		DB3663332A6FFED000F7894B /* MealTypeSelection.swift */ = {isa = PBXFileReference; lastKnownFileType = sourcecode.swift; path = MealTypeSelection.swift; sourceTree = "<group>"; };
		DB6E0E7B2979825900BCDB96 /* MealsListTests.swift */ = {isa = PBXFileReference; lastKnownFileType = sourcecode.swift; path = MealsListTests.swift; sourceTree = "<group>"; };
		DB6E0E7D297982DC00BCDB96 /* PlanningTests.swift */ = {isa = PBXFileReference; lastKnownFileType = sourcecode.swift; path = PlanningTests.swift; sourceTree = "<group>"; };
		DB6E0E7F297AE14C00BCDB96 /* ViewsTests.swift */ = {isa = PBXFileReference; lastKnownFileType = sourcecode.swift; path = ViewsTests.swift; sourceTree = "<group>"; };
		DB6E0E81297F05B300BCDB96 /* Side.swift */ = {isa = PBXFileReference; lastKnownFileType = sourcecode.swift; path = Side.swift; sourceTree = "<group>"; };
		DB7708AD2968304F00BF5604 /* IntroSheet.swift */ = {isa = PBXFileReference; lastKnownFileType = sourcecode.swift; path = IntroSheet.swift; sourceTree = "<group>"; };
		DB7708AF296C57D000BF5604 /* Assets.xcassets */ = {isa = PBXFileReference; lastKnownFileType = folder.assetcatalog; path = Assets.xcassets; sourceTree = "<group>"; };
		DB772BC52964A98E00A5C1F8 /* ViewSizes.swift */ = {isa = PBXFileReference; lastKnownFileType = sourcecode.swift; path = ViewSizes.swift; sourceTree = "<group>"; };
		DB9B879B293F4F9F00F2344B /* Meal.app */ = {isa = PBXFileReference; explicitFileType = wrapper.application; includeInIndex = 0; path = Meal.app; sourceTree = BUILT_PRODUCTS_DIR; };
		DB9B879E293F4F9F00F2344B /* MealApp.swift */ = {isa = PBXFileReference; lastKnownFileType = sourcecode.swift; path = MealApp.swift; sourceTree = "<group>"; };
		DB9B87A5293F4FA300F2344B /* Preview Assets.xcassets */ = {isa = PBXFileReference; lastKnownFileType = folder.assetcatalog; path = "Preview Assets.xcassets"; sourceTree = "<group>"; };
		DB9B87AB293F4FA300F2344B /* MealTests.xctest */ = {isa = PBXFileReference; explicitFileType = wrapper.cfbundle; includeInIndex = 0; path = MealTests.xctest; sourceTree = BUILT_PRODUCTS_DIR; };
		DB9B87AF293F4FA300F2344B /* MealTests.swift */ = {isa = PBXFileReference; lastKnownFileType = sourcecode.swift; path = MealTests.swift; sourceTree = "<group>"; };
		DB9B87B5293F4FA300F2344B /* MealUITests.xctest */ = {isa = PBXFileReference; explicitFileType = wrapper.cfbundle; includeInIndex = 0; path = MealUITests.xctest; sourceTree = BUILT_PRODUCTS_DIR; };
		DB9B87B9293F4FA300F2344B /* MealUITests.swift */ = {isa = PBXFileReference; lastKnownFileType = sourcecode.swift; path = MealUITests.swift; sourceTree = "<group>"; };
		DB9B87BB293F4FA300F2344B /* MealUITestsLaunchTests.swift */ = {isa = PBXFileReference; lastKnownFileType = sourcecode.swift; path = MealUITestsLaunchTests.swift; sourceTree = "<group>"; };
		DB9B87C8293F4FB900F2344B /* Meal.swift */ = {isa = PBXFileReference; lastKnownFileType = sourcecode.swift; path = Meal.swift; sourceTree = "<group>"; };
		DB9B87D0293F51C200F2344B /* MealTypeSelectionRow.swift */ = {isa = PBXFileReference; lastKnownFileType = sourcecode.swift; path = MealTypeSelectionRow.swift; sourceTree = "<group>"; };
		DB9B87D4293F79C500F2344B /* MealsListPanelViewModel.swift */ = {isa = PBXFileReference; lastKnownFileType = sourcecode.swift; path = MealsListPanelViewModel.swift; sourceTree = "<group>"; };
		DB9B87D7293F7A0900F2344B /* MealsDataController.swift */ = {isa = PBXFileReference; lastKnownFileType = sourcecode.swift; path = MealsDataController.swift; sourceTree = "<group>"; };
		DB9B87D9293F81C400F2344B /* NewMealSheet.swift */ = {isa = PBXFileReference; lastKnownFileType = sourcecode.swift; path = NewMealSheet.swift; sourceTree = "<group>"; };
		DB9B87DB29410F2700F2344B /* Extensions.swift */ = {isa = PBXFileReference; lastKnownFileType = sourcecode.swift; path = Extensions.swift; sourceTree = "<group>"; };
		DB9B87DF2941EAC400F2344B /* PlanningPannel.swift */ = {isa = PBXFileReference; lastKnownFileType = sourcecode.swift; path = PlanningPannel.swift; sourceTree = "<group>"; };
		DB9B87E22942143A00F2344B /* WeekPlanOrganiser.swift */ = {isa = PBXFileReference; lastKnownFileType = sourcecode.swift; path = WeekPlanOrganiser.swift; sourceTree = "<group>"; };
		DB9B87E42942159A00F2344B /* WeekPlan.swift */ = {isa = PBXFileReference; lastKnownFileType = sourcecode.swift; path = WeekPlan.swift; sourceTree = "<group>"; };
		DB9B87E62942176B00F2344B /* PlanningPanelViewModel.swift */ = {isa = PBXFileReference; lastKnownFileType = sourcecode.swift; path = PlanningPanelViewModel.swift; sourceTree = "<group>"; };
		DB9B87E82943A4AE00F2344B /* DayPlanSheet.swift */ = {isa = PBXFileReference; lastKnownFileType = sourcecode.swift; path = DayPlanSheet.swift; sourceTree = "<group>"; };
		DB9B87EB294503BB00F2344B /* MealList.swift */ = {isa = PBXFileReference; lastKnownFileType = sourcecode.swift; path = MealList.swift; sourceTree = "<group>"; };
		DB9B87ED294503F400F2344B /* DayPlan.swift */ = {isa = PBXFileReference; lastKnownFileType = sourcecode.swift; path = DayPlan.swift; sourceTree = "<group>"; };
		DB9B87EF2945042500F2344B /* MealsListPanel.swift */ = {isa = PBXFileReference; lastKnownFileType = sourcecode.swift; path = MealsListPanel.swift; sourceTree = "<group>"; };
		DB9B87F12945044300F2344B /* MealListPanel.swift */ = {isa = PBXFileReference; lastKnownFileType = sourcecode.swift; path = MealListPanel.swift; sourceTree = "<group>"; };
		DB9D994D294F8EA10051BD63 /* AutoFillSheet.swift */ = {isa = PBXFileReference; lastKnownFileType = sourcecode.swift; path = AutoFillSheet.swift; sourceTree = "<group>"; };
		DB9D994F29506D6B0051BD63 /* ConfigurePanelViewModel.swift */ = {isa = PBXFileReference; lastKnownFileType = sourcecode.swift; path = ConfigurePanelViewModel.swift; sourceTree = "<group>"; };
		DB9D995229506D960051BD63 /* Schedule.swift */ = {isa = PBXFileReference; lastKnownFileType = sourcecode.swift; path = Schedule.swift; sourceTree = "<group>"; };
		DB9D995429506F9B0051BD63 /* MealPicker.swift */ = {isa = PBXFileReference; lastKnownFileType = sourcecode.swift; path = MealPicker.swift; sourceTree = "<group>"; };
		DB9D9956295092B40051BD63 /* MealsDataController+Schedule.swift */ = {isa = PBXFileReference; lastKnownFileType = sourcecode.swift; path = "MealsDataController+Schedule.swift"; sourceTree = "<group>"; };
		DB9D9958295092F00051BD63 /* MealsDataController+WeekPlaning.swift */ = {isa = PBXFileReference; lastKnownFileType = sourcecode.swift; path = "MealsDataController+WeekPlaning.swift"; sourceTree = "<group>"; };
		DB9D995A2951C5B30051BD63 /* CalendarController.swift */ = {isa = PBXFileReference; lastKnownFileType = sourcecode.swift; path = CalendarController.swift; sourceTree = "<group>"; };
		DB9D995C2951C8860051BD63 /* CalendarPanel.swift */ = {isa = PBXFileReference; lastKnownFileType = sourcecode.swift; path = CalendarPanel.swift; sourceTree = "<group>"; };
		DB9D99612951F25A0051BD63 /* en */ = {isa = PBXFileReference; lastKnownFileType = text.plist.strings; name = en; path = en.lproj/Localizable.strings; sourceTree = "<group>"; };
		DB9D99632951F25E0051BD63 /* fr */ = {isa = PBXFileReference; lastKnownFileType = text.plist.strings; name = fr; path = fr.lproj/Localizable.strings; sourceTree = "<group>"; };
		DB9D9964295387B40051BD63 /* MealsDataController+Calendar.swift */ = {isa = PBXFileReference; lastKnownFileType = sourcecode.swift; path = "MealsDataController+Calendar.swift"; sourceTree = "<group>"; };
		DB9D99662954DEB60051BD63 /* ThanksPanel.swift */ = {isa = PBXFileReference; lastKnownFileType = sourcecode.swift; path = ThanksPanel.swift; sourceTree = "<group>"; };
		DBA39EEC294C9DDF00AC97E2 /* ConfigurePanel.swift */ = {isa = PBXFileReference; lastKnownFileType = sourcecode.swift; path = ConfigurePanel.swift; sourceTree = "<group>"; };
		DBA39EEE294C9F9D00AC97E2 /* MealScheduleSheet.swift */ = {isa = PBXFileReference; lastKnownFileType = sourcecode.swift; path = MealScheduleSheet.swift; sourceTree = "<group>"; };
		DBA7B1F929C3264900B04E38 /* NotesSheet.swift */ = {isa = PBXFileReference; lastKnownFileType = sourcecode.swift; path = NotesSheet.swift; sourceTree = "<group>"; };
		DBA7B1FB29C9D98000B04E38 /* WhatsNew.swift */ = {isa = PBXFileReference; lastKnownFileType = sourcecode.swift; path = WhatsNew.swift; sourceTree = "<group>"; };
		DBB9C5D62A3DB6050087BA99 /* IAPManager.swift */ = {isa = PBXFileReference; lastKnownFileType = sourcecode.swift; path = IAPManager.swift; sourceTree = "<group>"; };
		DBB9C5D82A3DB6480087BA99 /* ConfigurePanelVM+IAP.swift */ = {isa = PBXFileReference; lastKnownFileType = sourcecode.swift; path = "ConfigurePanelVM+IAP.swift"; sourceTree = "<group>"; };
		DBDB329129D0588E00248B12 /* en */ = {isa = PBXFileReference; lastKnownFileType = text.plist.strings; name = en; path = en.lproj/InfoPlist.strings; sourceTree = "<group>"; };
		DBDB329229D0589E00248B12 /* fr */ = {isa = PBXFileReference; lastKnownFileType = text.plist.strings; name = fr; path = fr.lproj/InfoPlist.strings; sourceTree = "<group>"; };
		DBDB329329D070F900248B12 /* WhatsNewPanel.swift */ = {isa = PBXFileReference; lastKnownFileType = sourcecode.swift; path = WhatsNewPanel.swift; sourceTree = "<group>"; };
		DBEAFBD72A334B590048797C /* Meal.entitlements */ = {isa = PBXFileReference; lastKnownFileType = text.plist.entitlements; path = Meal.entitlements; sourceTree = "<group>"; };
		DBEAFBD82A35C89C0048797C /* CloudKitController.swift */ = {isa = PBXFileReference; lastKnownFileType = sourcecode.swift; path = CloudKitController.swift; sourceTree = "<group>"; };
		DBEAFBDA2A3786D30048797C /* CollaborationPanel.swift */ = {isa = PBXFileReference; lastKnownFileType = sourcecode.swift; path = CollaborationPanel.swift; sourceTree = "<group>"; };
/* End PBXFileReference section */

/* Begin PBXFrameworksBuildPhase section */
		DB9B8798293F4F9F00F2344B /* Frameworks */ = {
			isa = PBXFrameworksBuildPhase;
			buildActionMask = 2147483647;
			files = (
			);
			runOnlyForDeploymentPostprocessing = 0;
		};
		DB9B87A8293F4FA300F2344B /* Frameworks */ = {
			isa = PBXFrameworksBuildPhase;
			buildActionMask = 2147483647;
			files = (
			);
			runOnlyForDeploymentPostprocessing = 0;
		};
		DB9B87B2293F4FA300F2344B /* Frameworks */ = {
			isa = PBXFrameworksBuildPhase;
			buildActionMask = 2147483647;
			files = (
			);
			runOnlyForDeploymentPostprocessing = 0;
		};
/* End PBXFrameworksBuildPhase section */

/* Begin PBXGroup section */
		DB3663142A68276500F7894B /* MealsSearchPanel */ = {
			isa = PBXGroup;
			children = (
				DB36631F2A682CEB00F7894B /* RecipesSearchPanelVM.swift */,
				DB3663282A6AC33D00F7894B /* Views */,
				DB3663172A68280100F7894B /* Colors.swift */,
				DB36631B2A68283B00F7894B /* Extensions_Card.swift */,
				DB36632A2A6C1E7100F7894B /* EdamamParser.swift */,
			);
			path = MealsSearchPanel;
			sourceTree = "<group>";
		};
		DB3663252A6AC2EC00F7894B /* RecipeSearchPanel */ = {
			isa = PBXGroup;
			children = (
				DB36631D2A68286500F7894B /* RecipesSearchPanel.swift */,
				DB3663262A6AC30500F7894B /* TopSearchBar.swift */,
			);
			path = RecipeSearchPanel;
			sourceTree = "<group>";
		};
		DB3663282A6AC33D00F7894B /* Views */ = {
			isa = PBXGroup;
			children = (
				DB3663152A6827DA00F7894B /* CardView.swift */,
				DB3663252A6AC2EC00F7894B /* RecipeSearchPanel */,
				DB3663212A6965AC00F7894B /* RecipeInfoSheet.swift */,
				DB3663232A6967B600F7894B /* AddRecipeSheet.swift */,
			);
			path = Views;
			sourceTree = "<group>";
		};
		DB9B8792293F4F9F00F2344B = {
			isa = PBXGroup;
			children = (
				DB9B879D293F4F9F00F2344B /* Meal */,
				DB9B87AE293F4FA300F2344B /* MealTests */,
				DB9B87B8293F4FA300F2344B /* MealUITests */,
				DB9B879C293F4F9F00F2344B /* Products */,
			);
			sourceTree = "<group>";
		};
		DB9B879C293F4F9F00F2344B /* Products */ = {
			isa = PBXGroup;
			children = (
				DB9B879B293F4F9F00F2344B /* Meal.app */,
				DB9B87AB293F4FA300F2344B /* MealTests.xctest */,
				DB9B87B5293F4FA300F2344B /* MealUITests.xctest */,
			);
			name = Products;
			sourceTree = "<group>";
		};
		DB9B879D293F4F9F00F2344B /* Meal */ = {
			isa = PBXGroup;
			children = (
				DB3663322A6D9FEB00F7894B /* Info.plist */,
				DB3663142A68276500F7894B /* MealsSearchPanel */,
				DBEAFBD72A334B590048797C /* Meal.entitlements */,
				DBA39EEB294A29BE00AC97E2 /* ConfigurePanel */,
				DB9B87E12941F0CA00F2344B /* Commons */,
				DB9B87DD2941EA5100F2344B /* PlanningPanel */,
				DB9B87CF293F51A300F2344B /* MealsListPanel */,
				DB9B87A4293F4FA300F2344B /* Preview Content */,
				DB7708AD2968304F00BF5604 /* IntroSheet.swift */,
				DBA7B1F929C3264900B04E38 /* NotesSheet.swift */,
				DB9B879E293F4F9F00F2344B /* MealApp.swift */,
				DBA7B1FB29C9D98000B04E38 /* WhatsNew.swift */,
				DB7708AF296C57D000BF5604 /* Assets.xcassets */,
				DBB9C5D62A3DB6050087BA99 /* IAPManager.swift */,
			);
			path = Meal;
			sourceTree = "<group>";
		};
		DB9B87A4293F4FA300F2344B /* Preview Content */ = {
			isa = PBXGroup;
			children = (
				DB9B87A5293F4FA300F2344B /* Preview Assets.xcassets */,
			);
			path = "Preview Content";
			sourceTree = "<group>";
		};
		DB9B87AE293F4FA300F2344B /* MealTests */ = {
			isa = PBXGroup;
			children = (
				DB9B87AF293F4FA300F2344B /* MealTests.swift */,
				DB6E0E7B2979825900BCDB96 /* MealsListTests.swift */,
				DB6E0E7D297982DC00BCDB96 /* PlanningTests.swift */,
				DB6E0E7F297AE14C00BCDB96 /* ViewsTests.swift */,
			);
			path = MealTests;
			sourceTree = "<group>";
		};
		DB9B87B8293F4FA300F2344B /* MealUITests */ = {
			isa = PBXGroup;
			children = (
				DB9B87B9293F4FA300F2344B /* MealUITests.swift */,
				DB9B87BB293F4FA300F2344B /* MealUITestsLaunchTests.swift */,
			);
			path = MealUITests;
			sourceTree = "<group>";
		};
		DB9B87CA293F502B00F2344B /* Struct */ = {
			isa = PBXGroup;
			children = (
				DB9B87EB294503BB00F2344B /* MealList.swift */,
				DB6E0E81297F05B300BCDB96 /* Side.swift */,
			);
			path = Struct;
			sourceTree = "<group>";
		};
		DB9B87CF293F51A300F2344B /* MealsListPanel */ = {
			isa = PBXGroup;
			children = (
				DB9B87D4293F79C500F2344B /* MealsListPanelViewModel.swift */,
				DB9B87D7293F7A0900F2344B /* MealsDataController.swift */,
				DB9B87D6293F79CF00F2344B /* Views */,
			);
			path = MealsListPanel;
			sourceTree = "<group>";
		};
		DB9B87D6293F79CF00F2344B /* Views */ = {
			isa = PBXGroup;
			children = (
				DB9B87EF2945042500F2344B /* MealsListPanel.swift */,
				DB9B87D0293F51C200F2344B /* MealTypeSelectionRow.swift */,
				DB9B87F12945044300F2344B /* MealListPanel.swift */,
				DB9B87D9293F81C400F2344B /* NewMealSheet.swift */,
			);
			path = Views;
			sourceTree = "<group>";
		};
		DB9B87DD2941EA5100F2344B /* PlanningPanel */ = {
			isa = PBXGroup;
			children = (
				DB9B87E62942176B00F2344B /* PlanningPanelViewModel.swift */,
				DB9D9958295092F00051BD63 /* MealsDataController+WeekPlaning.swift */,
				DB9B87DE2941EA7700F2344B /* Views */,
				DBEAFBD82A35C89C0048797C /* CloudKitController.swift */,
			);
			path = PlanningPanel;
			sourceTree = "<group>";
		};
		DB9B87DE2941EA7700F2344B /* Views */ = {
			isa = PBXGroup;
			children = (
				DB9B87DF2941EAC400F2344B /* PlanningPannel.swift */,
				DB9B87E22942143A00F2344B /* WeekPlanOrganiser.swift */,
				DB9B87E82943A4AE00F2344B /* DayPlanSheet.swift */,
				DB9D994D294F8EA10051BD63 /* AutoFillSheet.swift */,
			);
			path = Views;
			sourceTree = "<group>";
		};
		DB9B87E12941F0CA00F2344B /* Commons */ = {
			isa = PBXGroup;
			children = (
				DB9B87CA293F502B00F2344B /* Struct */,
				DB9B87EA294503A000F2344B /* Class */,
				DB9B87DB29410F2700F2344B /* Extensions.swift */,
				DB9D995429506F9B0051BD63 /* MealPicker.swift */,
				DB9D99622951F25A0051BD63 /* Localizable.strings */,
				DB772BC52964A98E00A5C1F8 /* ViewSizes.swift */,
				DBDB329029D0588600248B12 /* InfoPlist.strings */,
				DB3663332A6FFED000F7894B /* MealTypeSelection.swift */,
			);
			path = Commons;
			sourceTree = "<group>";
		};
		DB9B87EA294503A000F2344B /* Class */ = {
			isa = PBXGroup;
			children = (
				DB9B87C8293F4FB900F2344B /* Meal.swift */,
				DB9B87E42942159A00F2344B /* WeekPlan.swift */,
				DB9B87ED294503F400F2344B /* DayPlan.swift */,
				DB9D995229506D960051BD63 /* Schedule.swift */,
			);
			path = Class;
			sourceTree = "<group>";
		};
		DB9D995129506D750051BD63 /* Views */ = {
			isa = PBXGroup;
			children = (
				DBA39EEC294C9DDF00AC97E2 /* ConfigurePanel.swift */,
				DBA39EEE294C9F9D00AC97E2 /* MealScheduleSheet.swift */,
				DB9D995C2951C8860051BD63 /* CalendarPanel.swift */,
				DB9D99662954DEB60051BD63 /* ThanksPanel.swift */,
				DBDB329329D070F900248B12 /* WhatsNewPanel.swift */,
				DBEAFBDA2A3786D30048797C /* CollaborationPanel.swift */,
				DB36632C2A6D44C700F7894B /* CustomizationPanel.swift */,
				DB24CA382AA7295D0002E17B /* SidesManagerPanel.swift */,
			);
			path = Views;
			sourceTree = "<group>";
		};
		DBA39EEB294A29BE00AC97E2 /* ConfigurePanel */ = {
			isa = PBXGroup;
			children = (
				DB9D994F29506D6B0051BD63 /* ConfigurePanelViewModel.swift */,
				DB9D9956295092B40051BD63 /* MealsDataController+Schedule.swift */,
				DB9D9964295387B40051BD63 /* MealsDataController+Calendar.swift */,
				DB36632E2A6D5C4700F7894B /* MealsDataController+Customization.swift */,
				DB9D995A2951C5B30051BD63 /* CalendarController.swift */,
				DBB9C5D82A3DB6480087BA99 /* ConfigurePanelVM+IAP.swift */,
				DB9D995129506D750051BD63 /* Views */,
				DB3663302A6D60BF00F7894B /* VisualUserPrefs.swift */,
			);
			path = ConfigurePanel;
			sourceTree = "<group>";
		};
/* End PBXGroup section */

/* Begin PBXNativeTarget section */
		DB9B879A293F4F9F00F2344B /* Meal */ = {
			isa = PBXNativeTarget;
			buildConfigurationList = DB9B87BF293F4FA300F2344B /* Build configuration list for PBXNativeTarget "Meal" */;
			buildPhases = (
				DB9B8797293F4F9F00F2344B /* Sources */,
				DB9B8798293F4F9F00F2344B /* Frameworks */,
				DB9B8799293F4F9F00F2344B /* Resources */,
			);
			buildRules = (
			);
			dependencies = (
			);
			name = Meal;
			productName = Meal;
			productReference = DB9B879B293F4F9F00F2344B /* Meal.app */;
			productType = "com.apple.product-type.application";
		};
		DB9B87AA293F4FA300F2344B /* MealTests */ = {
			isa = PBXNativeTarget;
			buildConfigurationList = DB9B87C2293F4FA300F2344B /* Build configuration list for PBXNativeTarget "MealTests" */;
			buildPhases = (
				DB9B87A7293F4FA300F2344B /* Sources */,
				DB9B87A8293F4FA300F2344B /* Frameworks */,
				DB9B87A9293F4FA300F2344B /* Resources */,
			);
			buildRules = (
			);
			dependencies = (
				DB9B87AD293F4FA300F2344B /* PBXTargetDependency */,
			);
			name = MealTests;
			productName = MealTests;
			productReference = DB9B87AB293F4FA300F2344B /* MealTests.xctest */;
			productType = "com.apple.product-type.bundle.unit-test";
		};
		DB9B87B4293F4FA300F2344B /* MealUITests */ = {
			isa = PBXNativeTarget;
			buildConfigurationList = DB9B87C5293F4FA300F2344B /* Build configuration list for PBXNativeTarget "MealUITests" */;
			buildPhases = (
				DB9B87B1293F4FA300F2344B /* Sources */,
				DB9B87B2293F4FA300F2344B /* Frameworks */,
				DB9B87B3293F4FA300F2344B /* Resources */,
			);
			buildRules = (
			);
			dependencies = (
				DB9B87B7293F4FA300F2344B /* PBXTargetDependency */,
			);
			name = MealUITests;
			productName = MealUITests;
			productReference = DB9B87B5293F4FA300F2344B /* MealUITests.xctest */;
			productType = "com.apple.product-type.bundle.ui-testing";
		};
/* End PBXNativeTarget section */

/* Begin PBXProject section */
		DB9B8793293F4F9F00F2344B /* Project object */ = {
			isa = PBXProject;
			attributes = {
				BuildIndependentTargetsInParallel = 1;
				LastSwiftUpdateCheck = 1410;
				LastUpgradeCheck = 1410;
				TargetAttributes = {
					DB9B879A293F4F9F00F2344B = {
						CreatedOnToolsVersion = 14.1;
					};
					DB9B87AA293F4FA300F2344B = {
						CreatedOnToolsVersion = 14.1;
						TestTargetID = DB9B879A293F4F9F00F2344B;
					};
					DB9B87B4293F4FA300F2344B = {
						CreatedOnToolsVersion = 14.1;
						TestTargetID = DB9B879A293F4F9F00F2344B;
					};
				};
			};
			buildConfigurationList = DB9B8796293F4F9F00F2344B /* Build configuration list for PBXProject "Meal" */;
			compatibilityVersion = "Xcode 14.0";
			developmentRegion = en;
			hasScannedForEncodings = 0;
			knownRegions = (
				en,
				Base,
				fr,
			);
			mainGroup = DB9B8792293F4F9F00F2344B;
			productRefGroup = DB9B879C293F4F9F00F2344B /* Products */;
			projectDirPath = "";
			projectRoot = "";
			targets = (
				DB9B879A293F4F9F00F2344B /* Meal */,
				DB9B87AA293F4FA300F2344B /* MealTests */,
				DB9B87B4293F4FA300F2344B /* MealUITests */,
			);
		};
/* End PBXProject section */

/* Begin PBXResourcesBuildPhase section */
		DB9B8799293F4F9F00F2344B /* Resources */ = {
			isa = PBXResourcesBuildPhase;
			buildActionMask = 2147483647;
			files = (
				DB9B87A6293F4FA300F2344B /* Preview Assets.xcassets in Resources */,
				DBDB328E29D0588600248B12 /* InfoPlist.strings in Resources */,
				DB7708B0296C57D000BF5604 /* Assets.xcassets in Resources */,
				DB9D99602951F25A0051BD63 /* Localizable.strings in Resources */,
			);
			runOnlyForDeploymentPostprocessing = 0;
		};
		DB9B87A9293F4FA300F2344B /* Resources */ = {
			isa = PBXResourcesBuildPhase;
			buildActionMask = 2147483647;
			files = (
			);
			runOnlyForDeploymentPostprocessing = 0;
		};
		DB9B87B3293F4FA300F2344B /* Resources */ = {
			isa = PBXResourcesBuildPhase;
			buildActionMask = 2147483647;
			files = (
			);
			runOnlyForDeploymentPostprocessing = 0;
		};
/* End PBXResourcesBuildPhase section */

/* Begin PBXSourcesBuildPhase section */
		DB9B8797293F4F9F00F2344B /* Sources */ = {
			isa = PBXSourcesBuildPhase;
			buildActionMask = 2147483647;
			files = (
				DB36632B2A6C1E7100F7894B /* EdamamParser.swift in Sources */,
				DB9B87DA293F81C400F2344B /* NewMealSheet.swift in Sources */,
				DB3663182A68280100F7894B /* Colors.swift in Sources */,
				DB9D995329506D960051BD63 /* Schedule.swift in Sources */,
				DB9D995D2951C8860051BD63 /* CalendarPanel.swift in Sources */,
				DB9B87D1293F51C200F2344B /* MealTypeSelectionRow.swift in Sources */,
				DB9B87E52942159A00F2344B /* WeekPlan.swift in Sources */,
				DB9D9965295387B40051BD63 /* MealsDataController+Calendar.swift in Sources */,
				DB9B87EC294503BB00F2344B /* MealList.swift in Sources */,
				DB3663162A6827DA00F7894B /* CardView.swift in Sources */,
				DB9B87E32942143A00F2344B /* WeekPlanOrganiser.swift in Sources */,
				DB3663242A6967B600F7894B /* AddRecipeSheet.swift in Sources */,
				DBA7B1FC29C9D98000B04E38 /* WhatsNew.swift in Sources */,
				DB9D995529506F9B0051BD63 /* MealPicker.swift in Sources */,
				DB3663342A6FFED000F7894B /* MealTypeSelection.swift in Sources */,
				DB9B87D5293F79C500F2344B /* MealsListPanelViewModel.swift in Sources */,
				DB36631C2A68283B00F7894B /* Extensions_Card.swift in Sources */,
				DBB9C5D92A3DB6480087BA99 /* ConfigurePanelVM+IAP.swift in Sources */,
				DB772BC62964A98E00A5C1F8 /* ViewSizes.swift in Sources */,
				DB9D9957295092B40051BD63 /* MealsDataController+Schedule.swift in Sources */,
				DB3663222A6965AC00F7894B /* RecipeInfoSheet.swift in Sources */,
				DBA39EED294C9DDF00AC97E2 /* ConfigurePanel.swift in Sources */,
				DBA7B1FA29C3264900B04E38 /* NotesSheet.swift in Sources */,
				DB9D99672954DEB60051BD63 /* ThanksPanel.swift in Sources */,
				DB9D9959295092F00051BD63 /* MealsDataController+WeekPlaning.swift in Sources */,
				DB9B87F22945044300F2344B /* MealListPanel.swift in Sources */,
				DB9B87DC29410F2700F2344B /* Extensions.swift in Sources */,
				DBDB329429D070F900248B12 /* WhatsNewPanel.swift in Sources */,
				DBB9C5D72A3DB6050087BA99 /* IAPManager.swift in Sources */,
				DB36632D2A6D44C700F7894B /* CustomizationPanel.swift in Sources */,
				DBEAFBDB2A3786D30048797C /* CollaborationPanel.swift in Sources */,
				DB9B87F02945042500F2344B /* MealsListPanel.swift in Sources */,
				DB36631E2A68286500F7894B /* RecipesSearchPanel.swift in Sources */,
				DB9D994E294F8EA10051BD63 /* AutoFillSheet.swift in Sources */,
				DB9B87D8293F7A0900F2344B /* MealsDataController.swift in Sources */,
				DB9B87E02941EAC400F2344B /* PlanningPannel.swift in Sources */,
				DB9B87E92943A4AE00F2344B /* DayPlanSheet.swift in Sources */,
				DB24CA392AA7295D0002E17B /* SidesManagerPanel.swift in Sources */,
				DB9B87C9293F4FB900F2344B /* Meal.swift in Sources */,
				DB9B87E72942176B00F2344B /* PlanningPanelViewModel.swift in Sources */,
				DB9D995B2951C5B30051BD63 /* CalendarController.swift in Sources */,
				DB9B87EE294503F400F2344B /* DayPlan.swift in Sources */,
				DBA39EEF294C9F9D00AC97E2 /* MealScheduleSheet.swift in Sources */,
				DB6E0E82297F05B300BCDB96 /* Side.swift in Sources */,
				DB7708AE2968304F00BF5604 /* IntroSheet.swift in Sources */,
				DB36632F2A6D5C4700F7894B /* MealsDataController+Customization.swift in Sources */,
				DB3663272A6AC30500F7894B /* TopSearchBar.swift in Sources */,
				DBEAFBD92A35C89C0048797C /* CloudKitController.swift in Sources */,
				DB9D995029506D6B0051BD63 /* ConfigurePanelViewModel.swift in Sources */,
				DB3663202A682CEB00F7894B /* RecipesSearchPanelVM.swift in Sources */,
				DB9B879F293F4F9F00F2344B /* MealApp.swift in Sources */,
				DB3663312A6D60BF00F7894B /* VisualUserPrefs.swift in Sources */,
			);
			runOnlyForDeploymentPostprocessing = 0;
		};
		DB9B87A7293F4FA300F2344B /* Sources */ = {
			isa = PBXSourcesBuildPhase;
			buildActionMask = 2147483647;
			files = (
				DB6E0E80297AE14C00BCDB96 /* ViewsTests.swift in Sources */,
				DB6E0E7C2979825900BCDB96 /* MealsListTests.swift in Sources */,
				DB9B87B0293F4FA300F2344B /* MealTests.swift in Sources */,
				DB6E0E7E297982DC00BCDB96 /* PlanningTests.swift in Sources */,
			);
			runOnlyForDeploymentPostprocessing = 0;
		};
		DB9B87B1293F4FA300F2344B /* Sources */ = {
			isa = PBXSourcesBuildPhase;
			buildActionMask = 2147483647;
			files = (
				DB9B87BA293F4FA300F2344B /* MealUITests.swift in Sources */,
				DB9B87BC293F4FA300F2344B /* MealUITestsLaunchTests.swift in Sources */,
			);
			runOnlyForDeploymentPostprocessing = 0;
		};
/* End PBXSourcesBuildPhase section */

/* Begin PBXTargetDependency section */
		DB9B87AD293F4FA300F2344B /* PBXTargetDependency */ = {
			isa = PBXTargetDependency;
			target = DB9B879A293F4F9F00F2344B /* Meal */;
			targetProxy = DB9B87AC293F4FA300F2344B /* PBXContainerItemProxy */;
		};
		DB9B87B7293F4FA300F2344B /* PBXTargetDependency */ = {
			isa = PBXTargetDependency;
			target = DB9B879A293F4F9F00F2344B /* Meal */;
			targetProxy = DB9B87B6293F4FA300F2344B /* PBXContainerItemProxy */;
		};
/* End PBXTargetDependency section */

/* Begin PBXVariantGroup section */
		DB9D99622951F25A0051BD63 /* Localizable.strings */ = {
			isa = PBXVariantGroup;
			children = (
				DB9D99612951F25A0051BD63 /* en */,
				DB9D99632951F25E0051BD63 /* fr */,
			);
			name = Localizable.strings;
			sourceTree = "<group>";
		};
		DBDB329029D0588600248B12 /* InfoPlist.strings */ = {
			isa = PBXVariantGroup;
			children = (
				DBDB329129D0588E00248B12 /* en */,
				DBDB329229D0589E00248B12 /* fr */,
			);
			name = InfoPlist.strings;
			sourceTree = "<group>";
		};
/* End PBXVariantGroup section */

/* Begin XCBuildConfiguration section */
		DB9B87BD293F4FA300F2344B /* Debug */ = {
			isa = XCBuildConfiguration;
			buildSettings = {
				ALWAYS_SEARCH_USER_PATHS = NO;
				CLANG_ANALYZER_NONNULL = YES;
				CLANG_ANALYZER_NUMBER_OBJECT_CONVERSION = YES_AGGRESSIVE;
				CLANG_CXX_LANGUAGE_STANDARD = "gnu++20";
				CLANG_ENABLE_MODULES = YES;
				CLANG_ENABLE_OBJC_ARC = YES;
				CLANG_ENABLE_OBJC_WEAK = YES;
				CLANG_WARN_BLOCK_CAPTURE_AUTORELEASING = YES;
				CLANG_WARN_BOOL_CONVERSION = YES;
				CLANG_WARN_COMMA = YES;
				CLANG_WARN_CONSTANT_CONVERSION = YES;
				CLANG_WARN_DEPRECATED_OBJC_IMPLEMENTATIONS = YES;
				CLANG_WARN_DIRECT_OBJC_ISA_USAGE = YES_ERROR;
				CLANG_WARN_DOCUMENTATION_COMMENTS = YES;
				CLANG_WARN_EMPTY_BODY = YES;
				CLANG_WARN_ENUM_CONVERSION = YES;
				CLANG_WARN_INFINITE_RECURSION = YES;
				CLANG_WARN_INT_CONVERSION = YES;
				CLANG_WARN_NON_LITERAL_NULL_CONVERSION = YES;
				CLANG_WARN_OBJC_IMPLICIT_RETAIN_SELF = YES;
				CLANG_WARN_OBJC_LITERAL_CONVERSION = YES;
				CLANG_WARN_OBJC_ROOT_CLASS = YES_ERROR;
				CLANG_WARN_QUOTED_INCLUDE_IN_FRAMEWORK_HEADER = YES;
				CLANG_WARN_RANGE_LOOP_ANALYSIS = YES;
				CLANG_WARN_STRICT_PROTOTYPES = YES;
				CLANG_WARN_SUSPICIOUS_MOVE = YES;
				CLANG_WARN_UNGUARDED_AVAILABILITY = YES_AGGRESSIVE;
				CLANG_WARN_UNREACHABLE_CODE = YES;
				CLANG_WARN__DUPLICATE_METHOD_MATCH = YES;
				COPY_PHASE_STRIP = NO;
				DEBUG_INFORMATION_FORMAT = dwarf;
				ENABLE_STRICT_OBJC_MSGSEND = YES;
				ENABLE_TESTABILITY = YES;
				GCC_C_LANGUAGE_STANDARD = gnu11;
				GCC_DYNAMIC_NO_PIC = NO;
				GCC_NO_COMMON_BLOCKS = YES;
				GCC_OPTIMIZATION_LEVEL = 0;
				GCC_PREPROCESSOR_DEFINITIONS = (
					"DEBUG=1",
					"$(inherited)",
				);
				GCC_WARN_64_TO_32_BIT_CONVERSION = YES;
				GCC_WARN_ABOUT_RETURN_TYPE = YES_ERROR;
				GCC_WARN_UNDECLARED_SELECTOR = YES;
				GCC_WARN_UNINITIALIZED_AUTOS = YES_AGGRESSIVE;
				GCC_WARN_UNUSED_FUNCTION = YES;
				GCC_WARN_UNUSED_VARIABLE = YES;
				IPHONEOS_DEPLOYMENT_TARGET = 14.0;
				MTL_ENABLE_DEBUG_INFO = INCLUDE_SOURCE;
				MTL_FAST_MATH = YES;
				ONLY_ACTIVE_ARCH = YES;
				SDKROOT = iphoneos;
				SWIFT_ACTIVE_COMPILATION_CONDITIONS = DEBUG;
				SWIFT_OPTIMIZATION_LEVEL = "-Onone";
			};
			name = Debug;
		};
		DB9B87BE293F4FA300F2344B /* Release */ = {
			isa = XCBuildConfiguration;
			buildSettings = {
				ALWAYS_SEARCH_USER_PATHS = NO;
				CLANG_ANALYZER_NONNULL = YES;
				CLANG_ANALYZER_NUMBER_OBJECT_CONVERSION = YES_AGGRESSIVE;
				CLANG_CXX_LANGUAGE_STANDARD = "gnu++20";
				CLANG_ENABLE_MODULES = YES;
				CLANG_ENABLE_OBJC_ARC = YES;
				CLANG_ENABLE_OBJC_WEAK = YES;
				CLANG_WARN_BLOCK_CAPTURE_AUTORELEASING = YES;
				CLANG_WARN_BOOL_CONVERSION = YES;
				CLANG_WARN_COMMA = YES;
				CLANG_WARN_CONSTANT_CONVERSION = YES;
				CLANG_WARN_DEPRECATED_OBJC_IMPLEMENTATIONS = YES;
				CLANG_WARN_DIRECT_OBJC_ISA_USAGE = YES_ERROR;
				CLANG_WARN_DOCUMENTATION_COMMENTS = YES;
				CLANG_WARN_EMPTY_BODY = YES;
				CLANG_WARN_ENUM_CONVERSION = YES;
				CLANG_WARN_INFINITE_RECURSION = YES;
				CLANG_WARN_INT_CONVERSION = YES;
				CLANG_WARN_NON_LITERAL_NULL_CONVERSION = YES;
				CLANG_WARN_OBJC_IMPLICIT_RETAIN_SELF = YES;
				CLANG_WARN_OBJC_LITERAL_CONVERSION = YES;
				CLANG_WARN_OBJC_ROOT_CLASS = YES_ERROR;
				CLANG_WARN_QUOTED_INCLUDE_IN_FRAMEWORK_HEADER = YES;
				CLANG_WARN_RANGE_LOOP_ANALYSIS = YES;
				CLANG_WARN_STRICT_PROTOTYPES = YES;
				CLANG_WARN_SUSPICIOUS_MOVE = YES;
				CLANG_WARN_UNGUARDED_AVAILABILITY = YES_AGGRESSIVE;
				CLANG_WARN_UNREACHABLE_CODE = YES;
				CLANG_WARN__DUPLICATE_METHOD_MATCH = YES;
				COPY_PHASE_STRIP = NO;
				DEBUG_INFORMATION_FORMAT = "dwarf-with-dsym";
				ENABLE_NS_ASSERTIONS = NO;
				ENABLE_STRICT_OBJC_MSGSEND = YES;
				GCC_C_LANGUAGE_STANDARD = gnu11;
				GCC_NO_COMMON_BLOCKS = YES;
				GCC_WARN_64_TO_32_BIT_CONVERSION = YES;
				GCC_WARN_ABOUT_RETURN_TYPE = YES_ERROR;
				GCC_WARN_UNDECLARED_SELECTOR = YES;
				GCC_WARN_UNINITIALIZED_AUTOS = YES_AGGRESSIVE;
				GCC_WARN_UNUSED_FUNCTION = YES;
				GCC_WARN_UNUSED_VARIABLE = YES;
				IPHONEOS_DEPLOYMENT_TARGET = 14.0;
				MTL_ENABLE_DEBUG_INFO = NO;
				MTL_FAST_MATH = YES;
				SDKROOT = iphoneos;
				SWIFT_COMPILATION_MODE = wholemodule;
				SWIFT_OPTIMIZATION_LEVEL = "-O";
				VALIDATE_PRODUCT = YES;
			};
			name = Release;
		};
		DB9B87C0293F4FA300F2344B /* Debug */ = {
			isa = XCBuildConfiguration;
			buildSettings = {
				ASSETCATALOG_COMPILER_APPICON_NAME = AppIcon;
				ASSETCATALOG_COMPILER_GLOBAL_ACCENT_COLOR_NAME = AccentColor;
				CODE_SIGN_ENTITLEMENTS = Meal/Meal.entitlements;
				CODE_SIGN_IDENTITY = "Apple Development";
				CODE_SIGN_STYLE = Automatic;
				CURRENT_PROJECT_VERSION = 3;
				DEVELOPMENT_ASSET_PATHS = "\"Meal/Preview Content\"";
				DEVELOPMENT_TEAM = RDT93YL76H;
				ENABLE_PREVIEWS = YES;
				GENERATE_INFOPLIST_FILE = YES;
				INFOPLIST_FILE = Meal/Info.plist;
				INFOPLIST_KEY_CFBundleDisplayName = "Meal Planner";
				INFOPLIST_KEY_LSApplicationCategoryType = "public.app-category.food-and-drink";
				INFOPLIST_KEY_NSCalendarsUsageDescription = "Add your lunch plan to your calendar";
				INFOPLIST_KEY_NSContactsUsageDescription = "To choose on which calendar to add your menu";
				INFOPLIST_KEY_UIApplicationSceneManifest_Generation = YES;
				INFOPLIST_KEY_UIApplicationSupportsIndirectInputEvents = YES;
				INFOPLIST_KEY_UILaunchScreen_Generation = YES;
				INFOPLIST_KEY_UISupportedInterfaceOrientations = UIInterfaceOrientationPortrait;
				INFOPLIST_KEY_UISupportedInterfaceOrientations_iPad = "UIInterfaceOrientationLandscapeLeft UIInterfaceOrientationLandscapeRight UIInterfaceOrientationPortrait UIInterfaceOrientationPortraitUpsideDown";
				IPHONEOS_DEPLOYMENT_TARGET = 14.1;
				LD_RUNPATH_SEARCH_PATHS = (
					"$(inherited)",
					"@executable_path/Frameworks",
				);
				MARKETING_VERSION = 5.1;
				PRODUCT_BUNDLE_IDENTIFIER = Loic.Danjean.MealPlanning;
				PRODUCT_NAME = "$(TARGET_NAME)";
				PROVISIONING_PROFILE_SPECIFIER = "";
				SUPPORTED_PLATFORMS = "iphoneos iphonesimulator";
				SUPPORTS_MACCATALYST = NO;
				SUPPORTS_MAC_DESIGNED_FOR_IPHONE_IPAD = YES;
				SWIFT_EMIT_LOC_STRINGS = YES;
				SWIFT_VERSION = 5.0;
				TARGETED_DEVICE_FAMILY = "1,2";
			};
			name = Debug;
		};
		DB9B87C1293F4FA300F2344B /* Release */ = {
			isa = XCBuildConfiguration;
			buildSettings = {
				ASSETCATALOG_COMPILER_APPICON_NAME = AppIcon;
				ASSETCATALOG_COMPILER_GLOBAL_ACCENT_COLOR_NAME = AccentColor;
				CODE_SIGN_ENTITLEMENTS = Meal/Meal.entitlements;
				CODE_SIGN_IDENTITY = "Apple Development";
				CODE_SIGN_STYLE = Automatic;
				CURRENT_PROJECT_VERSION = 3;
				DEVELOPMENT_ASSET_PATHS = "\"Meal/Preview Content\"";
				DEVELOPMENT_TEAM = RDT93YL76H;
				ENABLE_PREVIEWS = YES;
				GENERATE_INFOPLIST_FILE = YES;
				INFOPLIST_FILE = Meal/Info.plist;
				INFOPLIST_KEY_CFBundleDisplayName = "Meal Planner";
				INFOPLIST_KEY_LSApplicationCategoryType = "public.app-category.food-and-drink";
				INFOPLIST_KEY_NSCalendarsUsageDescription = "Add your lunch plan to your calendar";
				INFOPLIST_KEY_NSContactsUsageDescription = "To choose on which calendar to add your menu";
				INFOPLIST_KEY_UIApplicationSceneManifest_Generation = YES;
				INFOPLIST_KEY_UIApplicationSupportsIndirectInputEvents = YES;
				INFOPLIST_KEY_UILaunchScreen_Generation = YES;
				INFOPLIST_KEY_UISupportedInterfaceOrientations = UIInterfaceOrientationPortrait;
				INFOPLIST_KEY_UISupportedInterfaceOrientations_iPad = "UIInterfaceOrientationLandscapeLeft UIInterfaceOrientationLandscapeRight UIInterfaceOrientationPortrait UIInterfaceOrientationPortraitUpsideDown";
				IPHONEOS_DEPLOYMENT_TARGET = 14.1;
				LD_RUNPATH_SEARCH_PATHS = (
					"$(inherited)",
					"@executable_path/Frameworks",
				);
				MARKETING_VERSION = 5.1;
				PRODUCT_BUNDLE_IDENTIFIER = Loic.Danjean.MealPlanning;
				PRODUCT_NAME = "$(TARGET_NAME)";
				PROVISIONING_PROFILE_SPECIFIER = "";
				SUPPORTED_PLATFORMS = "iphoneos iphonesimulator";
				SUPPORTS_MACCATALYST = NO;
				SUPPORTS_MAC_DESIGNED_FOR_IPHONE_IPAD = YES;
				SWIFT_EMIT_LOC_STRINGS = YES;
				SWIFT_VERSION = 5.0;
				TARGETED_DEVICE_FAMILY = "1,2";
			};
			name = Release;
		};
		DB9B87C3293F4FA300F2344B /* Debug */ = {
			isa = XCBuildConfiguration;
			buildSettings = {
				ALWAYS_EMBED_SWIFT_STANDARD_LIBRARIES = YES;
				BUNDLE_LOADER = "$(TEST_HOST)";
				CODE_SIGN_STYLE = Automatic;
				CURRENT_PROJECT_VERSION = 1;
				DEVELOPMENT_TEAM = LXUS44RH3Q;
				GENERATE_INFOPLIST_FILE = YES;
				IPHONEOS_DEPLOYMENT_TARGET = 16.1;
				MARKETING_VERSION = 1.0;
				PRODUCT_BUNDLE_IDENTIFIER = Loic.MealTests;
				PRODUCT_NAME = "$(TARGET_NAME)";
				SWIFT_EMIT_LOC_STRINGS = NO;
				SWIFT_VERSION = 5.0;
				TARGETED_DEVICE_FAMILY = "1,2";
				TEST_HOST = "$(BUILT_PRODUCTS_DIR)/Meal.app/$(BUNDLE_EXECUTABLE_FOLDER_PATH)/Meal";
			};
			name = Debug;
		};
		DB9B87C4293F4FA300F2344B /* Release */ = {
			isa = XCBuildConfiguration;
			buildSettings = {
				ALWAYS_EMBED_SWIFT_STANDARD_LIBRARIES = YES;
				BUNDLE_LOADER = "$(TEST_HOST)";
				CODE_SIGN_STYLE = Automatic;
				CURRENT_PROJECT_VERSION = 1;
				DEVELOPMENT_TEAM = LXUS44RH3Q;
				GENERATE_INFOPLIST_FILE = YES;
				IPHONEOS_DEPLOYMENT_TARGET = 16.1;
				MARKETING_VERSION = 1.0;
				PRODUCT_BUNDLE_IDENTIFIER = Loic.MealTests;
				PRODUCT_NAME = "$(TARGET_NAME)";
				SWIFT_EMIT_LOC_STRINGS = NO;
				SWIFT_VERSION = 5.0;
				TARGETED_DEVICE_FAMILY = "1,2";
				TEST_HOST = "$(BUILT_PRODUCTS_DIR)/Meal.app/$(BUNDLE_EXECUTABLE_FOLDER_PATH)/Meal";
			};
			name = Release;
		};
		DB9B87C6293F4FA300F2344B /* Debug */ = {
			isa = XCBuildConfiguration;
			buildSettings = {
				ALWAYS_EMBED_SWIFT_STANDARD_LIBRARIES = YES;
				CODE_SIGN_STYLE = Automatic;
				CURRENT_PROJECT_VERSION = 1;
				DEVELOPMENT_TEAM = LXUS44RH3Q;
				GENERATE_INFOPLIST_FILE = YES;
				MARKETING_VERSION = 1.0;
				PRODUCT_BUNDLE_IDENTIFIER = Loic.MealUITests;
				PRODUCT_NAME = "$(TARGET_NAME)";
				SWIFT_EMIT_LOC_STRINGS = NO;
				SWIFT_VERSION = 5.0;
				TARGETED_DEVICE_FAMILY = "1,2";
				TEST_TARGET_NAME = Meal;
			};
			name = Debug;
		};
		DB9B87C7293F4FA300F2344B /* Release */ = {
			isa = XCBuildConfiguration;
			buildSettings = {
				ALWAYS_EMBED_SWIFT_STANDARD_LIBRARIES = YES;
				CODE_SIGN_STYLE = Automatic;
				CURRENT_PROJECT_VERSION = 1;
				DEVELOPMENT_TEAM = LXUS44RH3Q;
				GENERATE_INFOPLIST_FILE = YES;
				MARKETING_VERSION = 1.0;
				PRODUCT_BUNDLE_IDENTIFIER = Loic.MealUITests;
				PRODUCT_NAME = "$(TARGET_NAME)";
				SWIFT_EMIT_LOC_STRINGS = NO;
				SWIFT_VERSION = 5.0;
				TARGETED_DEVICE_FAMILY = "1,2";
				TEST_TARGET_NAME = Meal;
			};
			name = Release;
		};
/* End XCBuildConfiguration section */

/* Begin XCConfigurationList section */
		DB9B8796293F4F9F00F2344B /* Build configuration list for PBXProject "Meal" */ = {
			isa = XCConfigurationList;
			buildConfigurations = (
				DB9B87BD293F4FA300F2344B /* Debug */,
				DB9B87BE293F4FA300F2344B /* Release */,
			);
			defaultConfigurationIsVisible = 0;
			defaultConfigurationName = Release;
		};
		DB9B87BF293F4FA300F2344B /* Build configuration list for PBXNativeTarget "Meal" */ = {
			isa = XCConfigurationList;
			buildConfigurations = (
				DB9B87C0293F4FA300F2344B /* Debug */,
				DB9B87C1293F4FA300F2344B /* Release */,
			);
			defaultConfigurationIsVisible = 0;
			defaultConfigurationName = Release;
		};
		DB9B87C2293F4FA300F2344B /* Build configuration list for PBXNativeTarget "MealTests" */ = {
			isa = XCConfigurationList;
			buildConfigurations = (
				DB9B87C3293F4FA300F2344B /* Debug */,
				DB9B87C4293F4FA300F2344B /* Release */,
			);
			defaultConfigurationIsVisible = 0;
			defaultConfigurationName = Release;
		};
		DB9B87C5293F4FA300F2344B /* Build configuration list for PBXNativeTarget "MealUITests" */ = {
			isa = XCConfigurationList;
			buildConfigurations = (
				DB9B87C6293F4FA300F2344B /* Debug */,
				DB9B87C7293F4FA300F2344B /* Release */,
			);
			defaultConfigurationIsVisible = 0;
			defaultConfigurationName = Release;
		};
/* End XCConfigurationList section */
	};
	rootObject = DB9B8793293F4F9F00F2344B /* Project object */;
}
